// !$*UTF8*$!
{
	archiveVersion = 1;
	classes = {
	};
	objectVersion = 56;
	objects = {

/* Begin PBXBuildFile section */
		3B27372128D04DD8001F9077 /* AppDelegate.swift in Sources */ = {isa = PBXBuildFile; fileRef = 3B27372028D04DD8001F9077 /* AppDelegate.swift */; };
		3B27372328D04DD8001F9077 /* SceneDelegate.swift in Sources */ = {isa = PBXBuildFile; fileRef = 3B27372228D04DD8001F9077 /* SceneDelegate.swift */; };
		3B27372A28D04DD9001F9077 /* Assets.xcassets in Resources */ = {isa = PBXBuildFile; fileRef = 3B27372928D04DD9001F9077 /* Assets.xcassets */; };
		3B27372D28D04DD9001F9077 /* LaunchScreen.storyboard in Resources */ = {isa = PBXBuildFile; fileRef = 3B27372B28D04DD9001F9077 /* LaunchScreen.storyboard */; };
		3B27373828D04E75001F9077 /* LoginViewController.swift in Sources */ = {isa = PBXBuildFile; fileRef = 3B27373728D04E75001F9077 /* LoginViewController.swift */; };
		3B27373C28D04ECB001F9077 /* BaseViewController.swift in Sources */ = {isa = PBXBuildFile; fileRef = 3B27373B28D04ECB001F9077 /* BaseViewController.swift */; };
		3B27373F28D04FA8001F9077 /* ViewProtocol.swift in Sources */ = {isa = PBXBuildFile; fileRef = 3B27373E28D04FA8001F9077 /* ViewProtocol.swift */; };
		3B27374128D05E5F001F9077 /* EnterEmailViewController.swift in Sources */ = {isa = PBXBuildFile; fileRef = 3B27374028D05E5F001F9077 /* EnterEmailViewController.swift */; };
		3B27374428D069A7001F9077 /* MainViewController.swift in Sources */ = {isa = PBXBuildFile; fileRef = 3B27374328D069A7001F9077 /* MainViewController.swift */; };
		3B27374628D06D84001F9077 /* GoogleService-Info.plist in Resources */ = {isa = PBXBuildFile; fileRef = 3B27374528D06D84001F9077 /* GoogleService-Info.plist */; };
/* End PBXBuildFile section */

/* Begin PBXFileReference section */
		3B27371D28D04DD8001F9077 /* AuthLoginDemo.app */ = {isa = PBXFileReference; explicitFileType = wrapper.application; includeInIndex = 0; path = AuthLoginDemo.app; sourceTree = BUILT_PRODUCTS_DIR; };
		3B27372028D04DD8001F9077 /* AppDelegate.swift */ = {isa = PBXFileReference; lastKnownFileType = sourcecode.swift; path = AppDelegate.swift; sourceTree = "<group>"; };
		3B27372228D04DD8001F9077 /* SceneDelegate.swift */ = {isa = PBXFileReference; lastKnownFileType = sourcecode.swift; path = SceneDelegate.swift; sourceTree = "<group>"; };
		3B27372928D04DD9001F9077 /* Assets.xcassets */ = {isa = PBXFileReference; lastKnownFileType = folder.assetcatalog; path = Assets.xcassets; sourceTree = "<group>"; };
		3B27372C28D04DD9001F9077 /* Base */ = {isa = PBXFileReference; lastKnownFileType = file.storyboard; name = Base; path = Base.lproj/LaunchScreen.storyboard; sourceTree = "<group>"; };
		3B27372E28D04DD9001F9077 /* Info.plist */ = {isa = PBXFileReference; lastKnownFileType = text.plist.xml; path = Info.plist; sourceTree = "<group>"; };
		3B27373728D04E75001F9077 /* LoginViewController.swift */ = {isa = PBXFileReference; lastKnownFileType = sourcecode.swift; path = LoginViewController.swift; sourceTree = "<group>"; };
		3B27373B28D04ECB001F9077 /* BaseViewController.swift */ = {isa = PBXFileReference; lastKnownFileType = sourcecode.swift; path = BaseViewController.swift; sourceTree = "<group>"; };
		3B27373E28D04FA8001F9077 /* ViewProtocol.swift */ = {isa = PBXFileReference; lastKnownFileType = sourcecode.swift; path = ViewProtocol.swift; sourceTree = "<group>"; };
		3B27374028D05E5F001F9077 /* EnterEmailViewController.swift */ = {isa = PBXFileReference; lastKnownFileType = sourcecode.swift; path = EnterEmailViewController.swift; sourceTree = "<group>"; };
		3B27374328D069A7001F9077 /* MainViewController.swift */ = {isa = PBXFileReference; lastKnownFileType = sourcecode.swift; path = MainViewController.swift; sourceTree = "<group>"; };
		3B27374528D06D84001F9077 /* GoogleService-Info.plist */ = {isa = PBXFileReference; fileEncoding = 4; lastKnownFileType = text.plist.xml; path = "GoogleService-Info.plist"; sourceTree = "<group>"; };
/* End PBXFileReference section */

/* Begin PBXFrameworksBuildPhase section */
		3B27371A28D04DD8001F9077 /* Frameworks */ = {
			isa = PBXFrameworksBuildPhase;
			buildActionMask = 2147483647;
			files = (
			);
			runOnlyForDeploymentPostprocessing = 0;
		};
/* End PBXFrameworksBuildPhase section */

/* Begin PBXGroup section */
		3B27371428D04DD8001F9077 = {
			isa = PBXGroup;
			children = (
				3B27371F28D04DD8001F9077 /* AuthLoginDemo */,
				3B27371E28D04DD8001F9077 /* Products */,
			);
			sourceTree = "<group>";
		};
		3B27371E28D04DD8001F9077 /* Products */ = {
			isa = PBXGroup;
			children = (
				3B27371D28D04DD8001F9077 /* AuthLoginDemo.app */,
			);
			name = Products;
			sourceTree = "<group>";
		};
		3B27371F28D04DD8001F9077 /* AuthLoginDemo */ = {
			isa = PBXGroup;
			children = (
				3B27373528D04E39001F9077 /* ProjectUtil */,
				3B27373428D04E28001F9077 /* ProjectMain */,
				3B27373D28D04F90001F9077 /* Protocols */,
				3B27373628D04E47001F9077 /* View */,
			);
			path = AuthLoginDemo;
			sourceTree = "<group>";
		};
		3B27373428D04E28001F9077 /* ProjectMain */ = {
			isa = PBXGroup;
			children = (
				3B27372028D04DD8001F9077 /* AppDelegate.swift */,
				3B27372228D04DD8001F9077 /* SceneDelegate.swift */,
			);
			path = ProjectMain;
			sourceTree = "<group>";
		};
		3B27373528D04E39001F9077 /* ProjectUtil */ = {
			isa = PBXGroup;
			children = (
				3B27372928D04DD9001F9077 /* Assets.xcassets */,
				3B27372B28D04DD9001F9077 /* LaunchScreen.storyboard */,
				3B27372E28D04DD9001F9077 /* Info.plist */,
				3B27374528D06D84001F9077 /* GoogleService-Info.plist */,
			);
			path = ProjectUtil;
			sourceTree = "<group>";
		};
		3B27373628D04E47001F9077 /* View */ = {
			isa = PBXGroup;
			children = (
				3B27373B28D04ECB001F9077 /* BaseViewController.swift */,
				3B27373728D04E75001F9077 /* LoginViewController.swift */,
				3B27374028D05E5F001F9077 /* EnterEmailViewController.swift */,
				3B27374328D069A7001F9077 /* MainViewController.swift */,
			);
			path = View;
			sourceTree = "<group>";
		};
		3B27373D28D04F90001F9077 /* Protocols */ = {
			isa = PBXGroup;
			children = (
				3B27373E28D04FA8001F9077 /* ViewProtocol.swift */,
			);
			path = Protocols;
			sourceTree = "<group>";
		};
/* End PBXGroup section */

/* Begin PBXNativeTarget section */
		3B27371C28D04DD8001F9077 /* AuthLoginDemo */ = {
			isa = PBXNativeTarget;
			buildConfigurationList = 3B27373128D04DD9001F9077 /* Build configuration list for PBXNativeTarget "AuthLoginDemo" */;
			buildPhases = (
				3B27371928D04DD8001F9077 /* Sources */,
				3B27371A28D04DD8001F9077 /* Frameworks */,
				3B27371B28D04DD8001F9077 /* Resources */,
			);
			buildRules = (
			);
			dependencies = (
			);
			name = AuthLoginDemo;
			productName = AuthLoginDemo;
			productReference = 3B27371D28D04DD8001F9077 /* AuthLoginDemo.app */;
			productType = "com.apple.product-type.application";
		};
/* End PBXNativeTarget section */

/* Begin PBXProject section */
		3B27371528D04DD8001F9077 /* Project object */ = {
			isa = PBXProject;
			attributes = {
				BuildIndependentTargetsInParallel = 1;
				LastSwiftUpdateCheck = 1400;
				LastUpgradeCheck = 1400;
				TargetAttributes = {
					3B27371C28D04DD8001F9077 = {
						CreatedOnToolsVersion = 14.0;
					};
				};
			};
			buildConfigurationList = 3B27371828D04DD8001F9077 /* Build configuration list for PBXProject "AuthLoginDemo" */;
			compatibilityVersion = "Xcode 14.0";
			developmentRegion = en;
			hasScannedForEncodings = 0;
			knownRegions = (
				en,
				Base,
			);
			mainGroup = 3B27371428D04DD8001F9077;
			productRefGroup = 3B27371E28D04DD8001F9077 /* Products */;
			projectDirPath = "";
			projectRoot = "";
			targets = (
				3B27371C28D04DD8001F9077 /* AuthLoginDemo */,
			);
		};
/* End PBXProject section */

/* Begin PBXResourcesBuildPhase section */
		3B27371B28D04DD8001F9077 /* Resources */ = {
			isa = PBXResourcesBuildPhase;
			buildActionMask = 2147483647;
			files = (
				3B27372D28D04DD9001F9077 /* LaunchScreen.storyboard in Resources */,
				3B27372A28D04DD9001F9077 /* Assets.xcassets in Resources */,
				3B27374628D06D84001F9077 /* GoogleService-Info.plist in Resources */,
			);
			runOnlyForDeploymentPostprocessing = 0;
		};
/* End PBXResourcesBuildPhase section */

/* Begin PBXSourcesBuildPhase section */
		3B27371928D04DD8001F9077 /* Sources */ = {
			isa = PBXSourcesBuildPhase;
			buildActionMask = 2147483647;
			files = (
				3B27374428D069A7001F9077 /* MainViewController.swift in Sources */,
				3B27374128D05E5F001F9077 /* EnterEmailViewController.swift in Sources */,
				3B27373C28D04ECB001F9077 /* BaseViewController.swift in Sources */,
				3B27373828D04E75001F9077 /* LoginViewController.swift in Sources */,
				3B27372128D04DD8001F9077 /* AppDelegate.swift in Sources */,
				3B27372328D04DD8001F9077 /* SceneDelegate.swift in Sources */,
				3B27373F28D04FA8001F9077 /* ViewProtocol.swift in Sources */,
			);
			runOnlyForDeploymentPostprocessing = 0;
		};
/* End PBXSourcesBuildPhase section */

/* Begin PBXVariantGroup section */
		3B27372B28D04DD9001F9077 /* LaunchScreen.storyboard */ = {
			isa = PBXVariantGroup;
			children = (
				3B27372C28D04DD9001F9077 /* Base */,
			);
			name = LaunchScreen.storyboard;
			sourceTree = "<group>";
		};
/* End PBXVariantGroup section */

/* Begin XCBuildConfiguration section */
		3B27372F28D04DD9001F9077 /* Debug */ = {
			isa = XCBuildConfiguration;
			buildSettings = {
				ALWAYS_SEARCH_USER_PATHS = NO;
				CLANG_ANALYZER_NONNULL = YES;
				CLANG_ANALYZER_NUMBER_OBJECT_CONVERSION = YES_AGGRESSIVE;
				CLANG_CXX_LANGUAGE_STANDARD = "gnu++20";
				CLANG_ENABLE_MODULES = YES;
				CLANG_ENABLE_OBJC_ARC = YES;
				CLANG_ENABLE_OBJC_WEAK = YES;
				CLANG_WARN_BLOCK_CAPTURE_AUTORELEASING = YES;
				CLANG_WARN_BOOL_CONVERSION = YES;
				CLANG_WARN_COMMA = YES;
				CLANG_WARN_CONSTANT_CONVERSION = YES;
				CLANG_WARN_DEPRECATED_OBJC_IMPLEMENTATIONS = YES;
				CLANG_WARN_DIRECT_OBJC_ISA_USAGE = YES_ERROR;
				CLANG_WARN_DOCUMENTATION_COMMENTS = YES;
				CLANG_WARN_EMPTY_BODY = YES;
				CLANG_WARN_ENUM_CONVERSION = YES;
				CLANG_WARN_INFINITE_RECURSION = YES;
				CLANG_WARN_INT_CONVERSION = YES;
				CLANG_WARN_NON_LITERAL_NULL_CONVERSION = YES;
				CLANG_WARN_OBJC_IMPLICIT_RETAIN_SELF = YES;
				CLANG_WARN_OBJC_LITERAL_CONVERSION = YES;
				CLANG_WARN_OBJC_ROOT_CLASS = YES_ERROR;
				CLANG_WARN_QUOTED_INCLUDE_IN_FRAMEWORK_HEADER = YES;
				CLANG_WARN_RANGE_LOOP_ANALYSIS = YES;
				CLANG_WARN_STRICT_PROTOTYPES = YES;
				CLANG_WARN_SUSPICIOUS_MOVE = YES;
				CLANG_WARN_UNGUARDED_AVAILABILITY = YES_AGGRESSIVE;
				CLANG_WARN_UNREACHABLE_CODE = YES;
				CLANG_WARN__DUPLICATE_METHOD_MATCH = YES;
				COPY_PHASE_STRIP = NO;
				DEBUG_INFORMATION_FORMAT = dwarf;
				ENABLE_STRICT_OBJC_MSGSEND = YES;
				ENABLE_TESTABILITY = YES;
				GCC_C_LANGUAGE_STANDARD = gnu11;
				GCC_DYNAMIC_NO_PIC = NO;
				GCC_NO_COMMON_BLOCKS = YES;
				GCC_OPTIMIZATION_LEVEL = 0;
				GCC_PREPROCESSOR_DEFINITIONS = (
					"DEBUG=1",
					"$(inherited)",
				);
				GCC_WARN_64_TO_32_BIT_CONVERSION = YES;
				GCC_WARN_ABOUT_RETURN_TYPE = YES_ERROR;
				GCC_WARN_UNDECLARED_SELECTOR = YES;
				GCC_WARN_UNINITIALIZED_AUTOS = YES_AGGRESSIVE;
				GCC_WARN_UNUSED_FUNCTION = YES;
				GCC_WARN_UNUSED_VARIABLE = YES;
				IPHONEOS_DEPLOYMENT_TARGET = 16.0;
				MTL_ENABLE_DEBUG_INFO = INCLUDE_SOURCE;
				MTL_FAST_MATH = YES;
				ONLY_ACTIVE_ARCH = YES;
				SDKROOT = iphoneos;
				SWIFT_ACTIVE_COMPILATION_CONDITIONS = DEBUG;
				SWIFT_OPTIMIZATION_LEVEL = "-Onone";
			};
			name = Debug;
		};
		3B27373028D04DD9001F9077 /* Release */ = {
			isa = XCBuildConfiguration;
			buildSettings = {
				ALWAYS_SEARCH_USER_PATHS = NO;
				CLANG_ANALYZER_NONNULL = YES;
				CLANG_ANALYZER_NUMBER_OBJECT_CONVERSION = YES_AGGRESSIVE;
				CLANG_CXX_LANGUAGE_STANDARD = "gnu++20";
				CLANG_ENABLE_MODULES = YES;
				CLANG_ENABLE_OBJC_ARC = YES;
				CLANG_ENABLE_OBJC_WEAK = YES;
				CLANG_WARN_BLOCK_CAPTURE_AUTORELEASING = YES;
				CLANG_WARN_BOOL_CONVERSION = YES;
				CLANG_WARN_COMMA = YES;
				CLANG_WARN_CONSTANT_CONVERSION = YES;
				CLANG_WARN_DEPRECATED_OBJC_IMPLEMENTATIONS = YES;
				CLANG_WARN_DIRECT_OBJC_ISA_USAGE = YES_ERROR;
				CLANG_WARN_DOCUMENTATION_COMMENTS = YES;
				CLANG_WARN_EMPTY_BODY = YES;
				CLANG_WARN_ENUM_CONVERSION = YES;
				CLANG_WARN_INFINITE_RECURSION = YES;
				CLANG_WARN_INT_CONVERSION = YES;
				CLANG_WARN_NON_LITERAL_NULL_CONVERSION = YES;
				CLANG_WARN_OBJC_IMPLICIT_RETAIN_SELF = YES;
				CLANG_WARN_OBJC_LITERAL_CONVERSION = YES;
				CLANG_WARN_OBJC_ROOT_CLASS = YES_ERROR;
				CLANG_WARN_QUOTED_INCLUDE_IN_FRAMEWORK_HEADER = YES;
				CLANG_WARN_RANGE_LOOP_ANALYSIS = YES;
				CLANG_WARN_STRICT_PROTOTYPES = YES;
				CLANG_WARN_SUSPICIOUS_MOVE = YES;
				CLANG_WARN_UNGUARDED_AVAILABILITY = YES_AGGRESSIVE;
				CLANG_WARN_UNREACHABLE_CODE = YES;
				CLANG_WARN__DUPLICATE_METHOD_MATCH = YES;
				COPY_PHASE_STRIP = NO;
				DEBUG_INFORMATION_FORMAT = "dwarf-with-dsym";
				ENABLE_NS_ASSERTIONS = NO;
				ENABLE_STRICT_OBJC_MSGSEND = YES;
				GCC_C_LANGUAGE_STANDARD = gnu11;
				GCC_NO_COMMON_BLOCKS = YES;
				GCC_WARN_64_TO_32_BIT_CONVERSION = YES;
				GCC_WARN_ABOUT_RETURN_TYPE = YES_ERROR;
				GCC_WARN_UNDECLARED_SELECTOR = YES;
				GCC_WARN_UNINITIALIZED_AUTOS = YES_AGGRESSIVE;
				GCC_WARN_UNUSED_FUNCTION = YES;
				GCC_WARN_UNUSED_VARIABLE = YES;
				IPHONEOS_DEPLOYMENT_TARGET = 16.0;
				MTL_ENABLE_DEBUG_INFO = NO;
				MTL_FAST_MATH = YES;
				SDKROOT = iphoneos;
				SWIFT_COMPILATION_MODE = wholemodule;
				SWIFT_OPTIMIZATION_LEVEL = "-O";
				VALIDATE_PRODUCT = YES;
			};
			name = Release;
		};
		3B27373228D04DD9001F9077 /* Debug */ = {
			isa = XCBuildConfiguration;
			buildSettings = {
				ASSETCATALOG_COMPILER_APPICON_NAME = AppIcon;
				ASSETCATALOG_COMPILER_GLOBAL_ACCENT_COLOR_NAME = AccentColor;
				CODE_SIGN_IDENTITY = "Apple Development";
				CODE_SIGN_STYLE = Automatic;
				CURRENT_PROJECT_VERSION = 1;
				DEVELOPMENT_TEAM = "";
				GENERATE_INFOPLIST_FILE = YES;
				INFOPLIST_FILE = AuthLoginDemo/ProjectUtil/Info.plist;
				INFOPLIST_KEY_UIApplicationSupportsIndirectInputEvents = YES;
				INFOPLIST_KEY_UILaunchStoryboardName = LaunchScreen;
				INFOPLIST_KEY_UIMainStoryboardFile = "";
				INFOPLIST_KEY_UISupportedInterfaceOrientations_iPad = "UIInterfaceOrientationPortrait UIInterfaceOrientationPortraitUpsideDown UIInterfaceOrientationLandscapeLeft UIInterfaceOrientationLandscapeRight";
				INFOPLIST_KEY_UISupportedInterfaceOrientations_iPhone = "UIInterfaceOrientationPortrait UIInterfaceOrientationLandscapeLeft UIInterfaceOrientationLandscapeRight";
				LD_RUNPATH_SEARCH_PATHS = (
					"$(inherited)",
					"@executable_path/Frameworks",
				);
				MARKETING_VERSION = 1.0;
				PRODUCT_BUNDLE_IDENTIFIER = unclean.AuthLoginDemo;
				PRODUCT_NAME = "$(TARGET_NAME)";
				PROVISIONING_PROFILE_SPECIFIER = "";
				SWIFT_EMIT_LOC_STRINGS = YES;
				SWIFT_VERSION = 5.0;
				TARGETED_DEVICE_FAMILY = "1,2";
			};
			name = Debug;
		};
		3B27373328D04DD9001F9077 /* Release */ = {
			isa = XCBuildConfiguration;
			buildSettings = {
				ASSETCATALOG_COMPILER_APPICON_NAME = AppIcon;
				ASSETCATALOG_COMPILER_GLOBAL_ACCENT_COLOR_NAME = AccentColor;
				CODE_SIGN_IDENTITY = "Apple Development";
				CODE_SIGN_STYLE = Automatic;
				CURRENT_PROJECT_VERSION = 1;
				DEVELOPMENT_TEAM = "";
				GENERATE_INFOPLIST_FILE = YES;
				INFOPLIST_FILE = AuthLoginDemo/ProjectUtil/Info.plist;
				INFOPLIST_KEY_UIApplicationSupportsIndirectInputEvents = YES;
				INFOPLIST_KEY_UILaunchStoryboardName = LaunchScreen;
				INFOPLIST_KEY_UIMainStoryboardFile = "";
				INFOPLIST_KEY_UISupportedInterfaceOrientations_iPad = "UIInterfaceOrientationPortrait UIInterfaceOrientationPortraitUpsideDown UIInterfaceOrientationLandscapeLeft UIInterfaceOrientationLandscapeRight";
				INFOPLIST_KEY_UISupportedInterfaceOrientations_iPhone = "UIInterfaceOrientationPortrait UIInterfaceOrientationLandscapeLeft UIInterfaceOrientationLandscapeRight";
				LD_RUNPATH_SEARCH_PATHS = (
					"$(inherited)",
					"@executable_path/Frameworks",
				);
				MARKETING_VERSION = 1.0;
				PRODUCT_BUNDLE_IDENTIFIER = unclean.AuthLoginDemo;
				PRODUCT_NAME = "$(TARGET_NAME)";
				PROVISIONING_PROFILE_SPECIFIER = "";
				SWIFT_EMIT_LOC_STRINGS = YES;
				SWIFT_VERSION = 5.0;
				TARGETED_DEVICE_FAMILY = "1,2";
			};
			name = Release;
		};
/* End XCBuildConfiguration section */

/* Begin XCConfigurationList section */
		3B27371828D04DD8001F9077 /* Build configuration list for PBXProject "AuthLoginDemo" */ = {
			isa = XCConfigurationList;
			buildConfigurations = (
				3B27372F28D04DD9001F9077 /* Debug */,
				3B27373028D04DD9001F9077 /* Release */,
			);
			defaultConfigurationIsVisible = 0;
			defaultConfigurationName = Release;
		};
		3B27373128D04DD9001F9077 /* Build configuration list for PBXNativeTarget "AuthLoginDemo" */ = {
			isa = XCConfigurationList;
			buildConfigurations = (
				3B27373228D04DD9001F9077 /* Debug */,
				3B27373328D04DD9001F9077 /* Release */,
			);
			defaultConfigurationIsVisible = 0;
			defaultConfigurationName = Release;
		};
/* End XCConfigurationList section */
	};
	rootObject = 3B27371528D04DD8001F9077 /* Project object */;
}
